
Microsoft Visual Studio Solution File, Format Version 12.00
# Visual Studio 15
VisualStudioVersion = 15.0.28010.2026
MinimumVisualStudioVersion = 10.0.40219.1
Project("{FAE04EC0-301F-11D3-BF4B-00C04F79EFBC}") = "Galaxy.Info.Android", "Galaxy.Info\Galaxy.Info.Android\Galaxy.Info.Android.csproj", "{FDCB2D25-A277-4C16-A543-40626AA7C11A}"
EndProject
Project("{FAE04EC0-301F-11D3-BF4B-00C04F79EFBC}") = "Galaxy.Info.UWP", "Galaxy.Info\Galaxy.Info.UWP\Galaxy.Info.UWP.csproj", "{DF8ACEFF-5A6D-4AD9-9574-AC7B34137B72}"
EndProject
Project("{FAE04EC0-301F-11D3-BF4B-00C04F79EFBC}") = "Galaxy.Info", "Galaxy.Info\Galaxy.Info\Galaxy.Info.csproj", "{DB8954B1-4385-4551-9DFE-C8BD678BDB75}"
EndProject
Global
	GlobalSection(SolutionConfigurationPlatforms) = preSolution
		Debug|Any CPU = Debug|Any CPU
		Debug|ARM = Debug|ARM
		Debug|x64 = Debug|x64
		Debug|x86 = Debug|x86
		Release|Any CPU = Release|Any CPU
		Release|ARM = Release|ARM
		Release|x64 = Release|x64
		Release|x86 = Release|x86
	EndGlobalSection
	GlobalSection(ProjectConfigurationPlatforms) = postSolution
		{FDCB2D25-A277-4C16-A543-40626AA7C11A}.Debug|Any CPU.ActiveCfg = Debug|Any CPU
		{FDCB2D25-A277-4C16-A543-40626AA7C11A}.Debug|Any CPU.Build.0 = Debug|Any CPU
		{FDCB2D25-A277-4C16-A543-40626AA7C11A}.Debug|Any CPU.Deploy.0 = Debug|Any CPU
		{FDCB2D25-A277-4C16-A543-40626AA7C11A}.Debug|ARM.ActiveCfg = Debug|Any CPU
		{FDCB2D25-A277-4C16-A543-40626AA7C11A}.Debug|ARM.Build.0 = Debug|Any CPU
		{FDCB2D25-A277-4C16-A543-40626AA7C11A}.Debug|ARM.Deploy.0 = Debug|Any CPU
		{FDCB2D25-A277-4C16-A543-40626AA7C11A}.Debug|x64.ActiveCfg = Debug|Any CPU
		{FDCB2D25-A277-4C16-A543-40626AA7C11A}.Debug|x64.Build.0 = Debug|Any CPU
		{FDCB2D25-A277-4C16-A543-40626AA7C11A}.Debug|x64.Deploy.0 = Debug|Any CPU
		{FDCB2D25-A277-4C16-A543-40626AA7C11A}.Debug|x86.ActiveCfg = Debug|Any CPU
		{FDCB2D25-A277-4C16-A543-40626AA7C11A}.Debug|x86.Build.0 = Debug|Any CPU
		{FDCB2D25-A277-4C16-A543-40626AA7C11A}.Debug|x86.Deploy.0 = Debug|Any CPU
		{FDCB2D25-A277-4C16-A543-40626AA7C11A}.Release|Any CPU.ActiveCfg = Release|Any CPU
		{FDCB2D25-A277-4C16-A543-40626AA7C11A}.Release|Any CPU.Build.0 = Release|Any CPU
		{FDCB2D25-A277-4C16-A543-40626AA7C11A}.Release|Any CPU.Deploy.0 = Release|Any CPU
		{FDCB2D25-A277-4C16-A543-40626AA7C11A}.Release|ARM.ActiveCfg = Release|Any CPU
		{FDCB2D25-A277-4C16-A543-40626AA7C11A}.Release|ARM.Build.0 = Release|Any CPU
		{FDCB2D25-A277-4C16-A543-40626AA7C11A}.Release|ARM.Deploy.0 = Release|Any CPU
		{FDCB2D25-A277-4C16-A543-40626AA7C11A}.Release|x64.ActiveCfg = Release|Any CPU
		{FDCB2D25-A277-4C16-A543-40626AA7C11A}.Release|x64.Build.0 = Release|Any CPU
		{FDCB2D25-A277-4C16-A543-40626AA7C11A}.Release|x64.Deploy.0 = Release|Any CPU
		{FDCB2D25-A277-4C16-A543-40626AA7C11A}.Release|x86.ActiveCfg = Release|Any CPU
		{FDCB2D25-A277-4C16-A543-40626AA7C11A}.Release|x86.Build.0 = Release|Any CPU
		{FDCB2D25-A277-4C16-A543-40626AA7C11A}.Release|x86.Deploy.0 = Release|Any CPU
		{DF8ACEFF-5A6D-4AD9-9574-AC7B34137B72}.Debug|Any CPU.ActiveCfg = Debug|x86
		{DF8ACEFF-5A6D-4AD9-9574-AC7B34137B72}.Debug|Any CPU.Build.0 = Debug|x86
		{DF8ACEFF-5A6D-4AD9-9574-AC7B34137B72}.Debug|Any CPU.Deploy.0 = Debug|x86
		{DF8ACEFF-5A6D-4AD9-9574-AC7B34137B72}.Debug|ARM.ActiveCfg = Debug|ARM
		{DF8ACEFF-5A6D-4AD9-9574-AC7B34137B72}.Debug|ARM.Build.0 = Debug|ARM
		{DF8ACEFF-5A6D-4AD9-9574-AC7B34137B72}.Debug|ARM.Deploy.0 = Debug|ARM
		{DF8ACEFF-5A6D-4AD9-9574-AC7B34137B72}.Debug|x64.ActiveCfg = Debug|x64
		{DF8ACEFF-5A6D-4AD9-9574-AC7B34137B72}.Debug|x64.Build.0 = Debug|x64
		{DF8ACEFF-5A6D-4AD9-9574-AC7B34137B72}.Debug|x64.Deploy.0 = Debug|x64
		{DF8ACEFF-5A6D-4AD9-9574-AC7B34137B72}.Debug|x86.ActiveCfg = Debug|x86
		{DF8ACEFF-5A6D-4AD9-9574-AC7B34137B72}.Debug|x86.Build.0 = Debug|x86
		{DF8ACEFF-5A6D-4AD9-9574-AC7B34137B72}.Debug|x86.Deploy.0 = Debug|x86
		{DF8ACEFF-5A6D-4AD9-9574-AC7B34137B72}.Release|Any CPU.ActiveCfg = Release|x86
		{DF8ACEFF-5A6D-4AD9-9574-AC7B34137B72}.Release|Any CPU.Build.0 = Release|x86
		{DF8ACEFF-5A6D-4AD9-9574-AC7B34137B72}.Release|Any CPU.Deploy.0 = Release|x86
		{DF8ACEFF-5A6D-4AD9-9574-AC7B34137B72}.Release|ARM.ActiveCfg = Release|ARM
		{DF8ACEFF-5A6D-4AD9-9574-AC7B34137B72}.Release|ARM.Build.0 = Release|ARM
		{DF8ACEFF-5A6D-4AD9-9574-AC7B34137B72}.Release|ARM.Deploy.0 = Release|ARM
		{DF8ACEFF-5A6D-4AD9-9574-AC7B34137B72}.Release|x64.ActiveCfg = Release|x64
		{DF8ACEFF-5A6D-4AD9-9574-AC7B34137B72}.Release|x64.Build.0 = Release|x64
		{DF8ACEFF-5A6D-4AD9-9574-AC7B34137B72}.Release|x64.Deploy.0 = Release|x64
		{DF8ACEFF-5A6D-4AD9-9574-AC7B34137B72}.Release|x86.ActiveCfg = Release|x86
		{DF8ACEFF-5A6D-4AD9-9574-AC7B34137B72}.Release|x86.Build.0 = Release|x86
		{DF8ACEFF-5A6D-4AD9-9574-AC7B34137B72}.Release|x86.Deploy.0 = Release|x86
		{DB8954B1-4385-4551-9DFE-C8BD678BDB75}.Debug|Any CPU.ActiveCfg = Debug|Any CPU
		{DB8954B1-4385-4551-9DFE-C8BD678BDB75}.Debug|Any CPU.Build.0 = Debug|Any CPU
		{DB8954B1-4385-4551-9DFE-C8BD678BDB75}.Debug|Any CPU.Deploy.0 = Debug|Any CPU
		{DB8954B1-4385-4551-9DFE-C8BD678BDB75}.Debug|ARM.ActiveCfg = Debug|Any CPU
		{DB8954B1-4385-4551-9DFE-C8BD678BDB75}.Debug|ARM.Build.0 = Debug|Any CPU
		{DB8954B1-4385-4551-9DFE-C8BD678BDB75}.Debug|ARM.Deploy.0 = Debug|Any CPU
		{DB8954B1-4385-4551-9DFE-C8BD678BDB75}.Debug|x64.ActiveCfg = Debug|Any CPU
		{DB8954B1-4385-4551-9DFE-C8BD678BDB75}.Debug|x64.Build.0 = Debug|Any CPU
		{DB8954B1-4385-4551-9DFE-C8BD678BDB75}.Debug|x64.Deploy.0 = Debug|Any CPU
		{DB8954B1-4385-4551-9DFE-C8BD678BDB75}.Debug|x86.ActiveCfg = Debug|Any CPU
		{DB8954B1-4385-4551-9DFE-C8BD678BDB75}.Debug|x86.Build.0 = Debug|Any CPU
		{DB8954B1-4385-4551-9DFE-C8BD678BDB75}.Debug|x86.Deploy.0 = Debug|Any CPU
		{DB8954B1-4385-4551-9DFE-C8BD678BDB75}.Release|Any CPU.ActiveCfg = Release|Any CPU
		{DB8954B1-4385-4551-9DFE-C8BD678BDB75}.Release|Any CPU.Build.0 = Release|Any CPU
		{DB8954B1-4385-4551-9DFE-C8BD678BDB75}.Release|Any CPU.Deploy.0 = Release|Any CPU
		{DB8954B1-4385-4551-9DFE-C8BD678BDB75}.Release|ARM.ActiveCfg = Release|Any CPU
		{DB8954B1-4385-4551-9DFE-C8BD678BDB75}.Release|ARM.Build.0 = Release|Any CPU
		{DB8954B1-4385-4551-9DFE-C8BD678BDB75}.Release|ARM.Deploy.0 = Release|Any CPU
		{DB8954B1-4385-4551-9DFE-C8BD678BDB75}.Release|x64.ActiveCfg = Release|Any CPU
		{DB8954B1-4385-4551-9DFE-C8BD678BDB75}.Release|x64.Build.0 = Release|Any CPU
		{DB8954B1-4385-4551-9DFE-C8BD678BDB75}.Release|x64.Deploy.0 = Release|Any CPU
		{DB8954B1-4385-4551-9DFE-C8BD678BDB75}.Release|x86.ActiveCfg = Release|Any CPU
		{DB8954B1-4385-4551-9DFE-C8BD678BDB75}.Release|x86.Build.0 = Release|Any CPU
		{DB8954B1-4385-4551-9DFE-C8BD678BDB75}.Release|x86.Deploy.0 = Release|Any CPU
	EndGlobalSection
	GlobalSection(SolutionProperties) = preSolution
		HideSolutionNode = FALSE
	EndGlobalSection
	GlobalSection(ExtensibilityGlobals) = postSolution
		SolutionGuid = {3D255977-D675-4466-B63A-53A1992DB104}
	EndGlobalSection
EndGlobal
